
Microsoft Visual Studio Solution File, Format Version 12.00
# Visual Studio 15
VisualStudioVersion = 15.0.27703.2042
MinimumVisualStudioVersion = 10.0.40219.1
Project("{FAE04EC0-301F-11D3-BF4B-00C04F79EFBC}") = "MP.NL.RFReceiptSet", "MP.NL.RFReceiptSet\MP.NL.RFReceiptSet.csproj", "{A9A2EB2D-2BCB-4277-8C8B-6AFB767D1BBD}"
EndProject
Global
	GlobalSection(SolutionConfigurationPlatforms) = preSolution
		Debug|Any CPU = Debug|Any CPU
		Debug|x64 = Debug|x64
		Debug|x86 = Debug|x86
		Release|Any CPU = Release|Any CPU
		Release|x64 = Release|x64
		Release|x86 = Release|x86
	EndGlobalSection
	GlobalSection(ProjectConfigurationPlatforms) = postSolution
		{A9A2EB2D-2BCB-4277-8C8B-6AFB767D1BBD}.Debug|Any CPU.ActiveCfg = Debug|Any CPU
		{A9A2EB2D-2BCB-4277-8C8B-6AFB767D1BBD}.Debug|Any CPU.Build.0 = Debug|Any CPU
		{A9A2EB2D-2BCB-4277-8C8B-6AFB767D1BBD}.Debug|x64.ActiveCfg = Debug|x64
		{A9A2EB2D-2BCB-4277-8C8B-6AFB767D1BBD}.Debug|x64.Build.0 = Debug|x64
		{A9A2EB2D-2BCB-4277-8C8B-6AFB767D1BBD}.Debug|x86.ActiveCfg = Debug|x86
		{A9A2EB2D-2BCB-4277-8C8B-6AFB767D1BBD}.Debug|x86.Build.0 = Debug|x86
		{A9A2EB2D-2BCB-4277-8C8B-6AFB767D1BBD}.Release|Any CPU.ActiveCfg = Release|Any CPU
		{A9A2EB2D-2BCB-4277-8C8B-6AFB767D1BBD}.Release|Any CPU.Build.0 = Release|Any CPU
		{A9A2EB2D-2BCB-4277-8C8B-6AFB767D1BBD}.Release|x64.ActiveCfg = Release|x64
		{A9A2EB2D-2BCB-4277-8C8B-6AFB767D1BBD}.Release|x64.Build.0 = Release|x64
		{A9A2EB2D-2BCB-4277-8C8B-6AFB767D1BBD}.Release|x86.ActiveCfg = Release|x86
		{A9A2EB2D-2BCB-4277-8C8B-6AFB767D1BBD}.Release|x86.Build.0 = Release|x86
	EndGlobalSection
	GlobalSection(SolutionProperties) = preSolution
		HideSolutionNode = FALSE
	EndGlobalSection
	GlobalSection(ExtensibilityGlobals) = postSolution
		SolutionGuid = {38D5906C-60B1-4D10-95AD-1F5457B17EAC}
	EndGlobalSection
EndGlobal
